Microsoft Visual Studio Solution File, Format Version 11.00
# Visual Studio 2008

Project("{01B4ABE4-8091-CC4E-9B8C-A5F463E5B3DA}") = "EMT_Merci_New", "Assembly-CSharp.csproj", "{AE02EBBB-EA45-BAEA-4530-3452003A330F}"
EndProject
Project("{01B4ABE4-8091-CC4E-9B8C-A5F463E5B3DA}") = "EMT_Merci_New", "Assembly-UnityScript.unityproj", "{8D5AD29C-EA04-8698-A26D-908048378677}"
EndProject
Global
	GlobalSection(SolutionConfigurationPlatforms) = preSolution
		Debug|Any CPU = Debug|Any CPU
		Release|Any CPU = Release|Any CPU
	EndGlobalSection
	GlobalSection(ProjectConfigurationPlatforms) = postSolution
		{AE02EBBB-EA45-BAEA-4530-3452003A330F}.Debug|Any CPU.ActiveCfg = Debug|Any CPU
		{AE02EBBB-EA45-BAEA-4530-3452003A330F}.Debug|Any CPU.Build.0 = Debug|Any CPU
		{AE02EBBB-EA45-BAEA-4530-3452003A330F}.Release|Any CPU.ActiveCfg = Release|Any CPU
		{AE02EBBB-EA45-BAEA-4530-3452003A330F}.Release|Any CPU.Build.0 = Release|Any CPU
		{8D5AD29C-EA04-8698-A26D-908048378677}.Debug|Any CPU.ActiveCfg = Debug|Any CPU
		{8D5AD29C-EA04-8698-A26D-908048378677}.Debug|Any CPU.Build.0 = Debug|Any CPU
		{8D5AD29C-EA04-8698-A26D-908048378677}.Release|Any CPU.ActiveCfg = Release|Any CPU
		{8D5AD29C-EA04-8698-A26D-908048378677}.Release|Any CPU.Build.0 = Release|Any CPU
	EndGlobalSection
	GlobalSection(SolutionProperties) = preSolution
		HideSolutionNode = FALSE
	EndGlobalSection
																						GlobalSection(MonoDevelopProperties) = preSolution
=======
																					GlobalSection(MonoDevelopProperties) = preSolution
>>>>>>> 6b55a27f5407ccf02eb099757affe0b56eac0bdd
		StartupItem = Assembly-CSharp.csproj
		Policies = $0
		$0.TextStylePolicy = $1
		$1.inheritsSet = null
		$1.scope = text/x-csharp
		$0.CSharpFormattingPolicy = $2
		$2.inheritsSet = Mono
		$2.inheritsScope = text/x-csharp
		$2.scope = text/x-csharp
		$0.TextStylePolicy = $3
		$3.FileWidth = 120
		$3.TabWidth = 4
		$3.EolMarker = Unix
		$3.inheritsSet = Mono
		$3.inheritsScope = text/plain
		$3.scope = text/plain
	EndGlobalSection

EndGlobal
